
Microsoft Visual Studio Solution File, Format Version 12.00
# Visual Studio Version 17
VisualStudioVersion = 17.8.34316.72
MinimumVisualStudioVersion = 10.0.40219.1
Project("{FAE04EC0-301F-11D3-BF4B-00C04F79EFBC}") = "Worker-RabbitMQ", "Worker-RabbitMQ\Worker-RabbitMQ.csproj", "{CFBC8D3C-484F-440E-BE2C-14DC0FAB275C}"
EndProject
Global
	GlobalSection(SolutionConfigurationPlatforms) = preSolution
		Debug|Any CPU = Debug|Any CPU
		Release|Any CPU = Release|Any CPU
	EndGlobalSection
	GlobalSection(ProjectConfigurationPlatforms) = postSolution
		{CFBC8D3C-484F-440E-BE2C-14DC0FAB275C}.Debug|Any CPU.ActiveCfg = Debug|Any CPU
		{CFBC8D3C-484F-440E-BE2C-14DC0FAB275C}.Debug|Any CPU.Build.0 = Debug|Any CPU
		{CFBC8D3C-484F-440E-BE2C-14DC0FAB275C}.Release|Any CPU.ActiveCfg = Release|Any CPU
		{CFBC8D3C-484F-440E-BE2C-14DC0FAB275C}.Release|Any CPU.Build.0 = Release|Any CPU
	EndGlobalSection
	GlobalSection(SolutionProperties) = preSolution
		HideSolutionNode = FALSE
	EndGlobalSection
	GlobalSection(ExtensibilityGlobals) = postSolution
		SolutionGuid = {CCEB298D-AE47-4C5D-95F8-9FFF119A6D41}
	EndGlobalSection
EndGlobal
